
Microsoft Visual Studio Solution File, Format Version 12.00
# Visual Studio Version 16
VisualStudioVersion = 16.0.29709.97
MinimumVisualStudioVersion = 10.0.40219.1
Project("{8BC9CEB8-8B4A-11D0-8D11-00A0C91BC942}") = "Oblig 3", "Oblig 3\Oblig 3.vcxproj", "{D699D646-0D8D-48A3-AD73-946662503681}"
EndProject
Global
	GlobalSection(SolutionConfigurationPlatforms) = preSolution
		Debug|x64 = Debug|x64
		Debug|x86 = Debug|x86
		Release|x64 = Release|x64
		Release|x86 = Release|x86
	EndGlobalSection
	GlobalSection(ProjectConfigurationPlatforms) = postSolution
		{D699D646-0D8D-48A3-AD73-946662503681}.Debug|x64.ActiveCfg = Debug|x64
		{D699D646-0D8D-48A3-AD73-946662503681}.Debug|x64.Build.0 = Debug|x64
		{D699D646-0D8D-48A3-AD73-946662503681}.Debug|x86.ActiveCfg = Debug|Win32
		{D699D646-0D8D-48A3-AD73-946662503681}.Debug|x86.Build.0 = Debug|Win32
		{D699D646-0D8D-48A3-AD73-946662503681}.Release|x64.ActiveCfg = Release|x64
		{D699D646-0D8D-48A3-AD73-946662503681}.Release|x64.Build.0 = Release|x64
		{D699D646-0D8D-48A3-AD73-946662503681}.Release|x86.ActiveCfg = Release|Win32
		{D699D646-0D8D-48A3-AD73-946662503681}.Release|x86.Build.0 = Release|Win32
	EndGlobalSection
	GlobalSection(SolutionProperties) = preSolution
		HideSolutionNode = FALSE
	EndGlobalSection
	GlobalSection(ExtensibilityGlobals) = postSolution
		SolutionGuid = {FD8BAE13-8FA2-473F-8191-D35BA7486225}
	EndGlobalSection
EndGlobal
